
Microsoft Visual Studio Solution File, Format Version 12.00
# Visual Studio Version 16
VisualStudioVersion = 16.0.31205.134
MinimumVisualStudioVersion = 10.0.40219.1
Project("{FAE04EC0-301F-11D3-BF4B-00C04F79EFBC}") = "Prism", "Prism\Prism.csproj", "{392CE316-72E3-4B40-9DF7-16C8D7EC84C4}"
EndProject
Project("{FAE04EC0-301F-11D3-BF4B-00C04F79EFBC}") = "PrismTsepPackager", "PrismTsepPackager\PrismTsepPackager.csproj", "{3291451D-E5F5-4E5B-87C2-4377383F304F}"
EndProject
Global
	GlobalSection(SolutionConfigurationPlatforms) = preSolution
		Debug|Any CPU = Debug|Any CPU
		Release|Any CPU = Release|Any CPU
	EndGlobalSection
	GlobalSection(ProjectConfigurationPlatforms) = postSolution
		{392CE316-72E3-4B40-9DF7-16C8D7EC84C4}.Debug|Any CPU.ActiveCfg = Debug|Any CPU
		{392CE316-72E3-4B40-9DF7-16C8D7EC84C4}.Debug|Any CPU.Build.0 = Debug|Any CPU
		{392CE316-72E3-4B40-9DF7-16C8D7EC84C4}.Release|Any CPU.ActiveCfg = Release|Any CPU
		{392CE316-72E3-4B40-9DF7-16C8D7EC84C4}.Release|Any CPU.Build.0 = Release|Any CPU
		{3291451D-E5F5-4E5B-87C2-4377383F304F}.Debug|Any CPU.ActiveCfg = Debug|Any CPU
		{3291451D-E5F5-4E5B-87C2-4377383F304F}.Debug|Any CPU.Build.0 = Debug|Any CPU
		{3291451D-E5F5-4E5B-87C2-4377383F304F}.Release|Any CPU.ActiveCfg = Release|Any CPU
		{3291451D-E5F5-4E5B-87C2-4377383F304F}.Release|Any CPU.Build.0 = Release|Any CPU
	EndGlobalSection
	GlobalSection(SolutionProperties) = preSolution
		HideSolutionNode = FALSE
	EndGlobalSection
	GlobalSection(ExtensibilityGlobals) = postSolution
		SolutionGuid = {13E2244A-42E0-416D-BA68-D899B7B888A9}
	EndGlobalSection
EndGlobal
